
Microsoft Visual Studio Solution File, Format Version 12.00
# Visual Studio Version 17
VisualStudioVersion = 17.9.34723.18
MinimumVisualStudioVersion = 10.0.40219.1
Project("{2150E333-8FDC-42A3-9474-1A3956D46DE8}") = "Services", "Services", "{7B6CF3CF-70B7-4156-979E-252095877196}"
EndProject
Project("{2150E333-8FDC-42A3-9474-1A3956D46DE8}") = "Catalog", "Catalog", "{4B5EAA45-9C08-470A-9F58-BB589DE29450}"
EndProject
Project("{9A19103F-16F7-4668-BE54-9A1E7A4F7556}") = "Catalog.API", "Services\Catalog\Catalog.API\Catalog.API.csproj", "{1435DA89-C1F7-4C35-BA81-57C8985C9341}"
EndProject
Project("{9A19103F-16F7-4668-BE54-9A1E7A4F7556}") = "Catalog.Application", "Services\Catalog\Catalog.Application\Catalog.Application.csproj", "{D7828F17-725A-4A76-A31B-609B34BFED53}"
EndProject
Project("{9A19103F-16F7-4668-BE54-9A1E7A4F7556}") = "Catalog.Core", "Services\Catalog\Catalog.Core\Catalog.Core.csproj", "{78C16B29-E442-49B1-AF67-D355278E1D17}"
EndProject
Project("{9A19103F-16F7-4668-BE54-9A1E7A4F7556}") = "Catalog.Infrastructure", "Services\Catalog\Catalog.Infrastructure\Catalog.Infrastructure.csproj", "{A5DAA2B7-83CD-4B37-B9C3-E49B9DEB22B5}"
EndProject
Project("{2150E333-8FDC-42A3-9474-1A3956D46DE8}") = "Basket", "Basket", "{44A33C87-0B96-49D0-844A-65809D09216F}"
EndProject
Project("{9A19103F-16F7-4668-BE54-9A1E7A4F7556}") = "Basket.Core", "Services\Basket\Basket.Core\Basket.Core.csproj", "{42342C2F-71D9-4264-AA69-1EE024AB1663}"
EndProject
Project("{9A19103F-16F7-4668-BE54-9A1E7A4F7556}") = "Basket.Infrastructure", "Services\Basket\Basket.Infrastructure\Basket.Infrastructure.csproj", "{A80CCF52-8ADB-4F26-AB47-BBAC92086156}"
EndProject
Project("{9A19103F-16F7-4668-BE54-9A1E7A4F7556}") = "Basket.API", "Services\Basket\Basket.API\Basket.API.csproj", "{456EA780-4920-48FF-A494-91FE1ECC9AA0}"
EndProject
Project("{9A19103F-16F7-4668-BE54-9A1E7A4F7556}") = "Basket.Application", "Services\Basket\Basket.Application\Basket.Application.csproj", "{1EDCE3D7-2302-46A6-94A9-8041582D4A0E}"
EndProject
Project("{2150E333-8FDC-42A3-9474-1A3956D46DE8}") = "Discount", "Discount", "{2AE798A8-FA56-4025-9521-E7610DD0BBA6}"
EndProject
Project("{9A19103F-16F7-4668-BE54-9A1E7A4F7556}") = "Discount.API", "Services\Discount\Discount.API\Discount.API.csproj", "{54B1AF5E-8B22-4441-83C4-E9FF0222F156}"
EndProject
Project("{9A19103F-16F7-4668-BE54-9A1E7A4F7556}") = "Discount.Application", "Services\Discount\Discount.Application\Discount.Application.csproj", "{F52170F0-6CEF-45DA-947F-407381313E35}"
EndProject
Project("{9A19103F-16F7-4668-BE54-9A1E7A4F7556}") = "Discount.Core", "Services\Discount\Discount.Core\Discount.Core.csproj", "{A5D85816-D686-4C46-AF84-C66E72D2B95C}"
EndProject
Project("{9A19103F-16F7-4668-BE54-9A1E7A4F7556}") = "Discount.Infrastructure", "Services\Discount\Discount.Infrastructure\Discount.Infrastructure.csproj", "{A2F8E438-8FDC-412A-B91C-0CBB35D2DA98}"
EndProject
Project("{9A19103F-16F7-4668-BE54-9A1E7A4F7556}") = "obj", "Services\Discount\obj\obj.csproj", "{AF44FBCD-EA05-4C60-B1B0-09E8E23B1E2D}"
EndProject
Project("{2150E333-8FDC-42A3-9474-1A3956D46DE8}") = "Ordering", "Ordering", "{FBEC6BB5-2C08-419B-8A28-E154E58FEC77}"
EndProject
Project("{9A19103F-16F7-4668-BE54-9A1E7A4F7556}") = "Ordering.API", "Services\Ordering\Ordering.API\Ordering.API.csproj", "{71723431-D3B4-43A7-8AA9-50579A7B4040}"
EndProject
Project("{9A19103F-16F7-4668-BE54-9A1E7A4F7556}") = "Ordering.Application", "Services\Ordering\Ordering.Application\Ordering.Application.csproj", "{ACAECE81-9180-4ADF-B2FF-3F608A229FDE}"
EndProject
Project("{9A19103F-16F7-4668-BE54-9A1E7A4F7556}") = "Ordering.Core", "Services\Ordering\Ordering.Core\Ordering.Core.csproj", "{831BFA0C-70B0-445B-BDB3-0C18C4F25CF6}"
EndProject
Project("{9A19103F-16F7-4668-BE54-9A1E7A4F7556}") = "Ordering.Infrastructure", "Services\Ordering\Ordering.Infrastructure\Ordering.Infrastructure.csproj", "{DF07AC08-88B4-409B-A30D-BCDA6B8FB033}"
EndProject
Project("{2150E333-8FDC-42A3-9474-1A3956D46DE8}") = "Infrastructure", "Infrastructure", "{71C6AD42-2DF5-4613-8931-5AE1F488F560}"
EndProject
Project("{9A19103F-16F7-4668-BE54-9A1E7A4F7556}") = "EventBus.Messages", "Infrastructure\EventBus.Messages\EventBus.Messages.csproj", "{5FD6A3AA-418C-4459-8202-9D84ED85C791}"
EndProject
Project("{2150E333-8FDC-42A3-9474-1A3956D46DE8}") = "ApiGateways", "ApiGateways", "{F6324E77-D821-4341-9A19-FBD54C99B934}"
EndProject
Project("{FAE04EC0-301F-11D3-BF4B-00C04F79EFBC}") = "Ocelot.ApiGateway", "ApiGateways\Ocelot.ApiGateway\Ocelot.ApiGateway.csproj", "{B9B63647-60A9-4DC6-BB62-04516E05378A}"
EndProject
Project("{FAE04EC0-301F-11D3-BF4B-00C04F79EFBC}") = "EShopping.Identity", "Infrastructure\EShopping.Identity\EShopping.Identity.csproj", "{A09F3596-0FF2-422B-9016-B6E0F6E1EFCA}"
EndProject
Global
	GlobalSection(SolutionConfigurationPlatforms) = preSolution
		Debug|Any CPU = Debug|Any CPU
		Release|Any CPU = Release|Any CPU
	EndGlobalSection
	GlobalSection(ProjectConfigurationPlatforms) = postSolution
		{1435DA89-C1F7-4C35-BA81-57C8985C9341}.Debug|Any CPU.ActiveCfg = Debug|Any CPU
		{1435DA89-C1F7-4C35-BA81-57C8985C9341}.Debug|Any CPU.Build.0 = Debug|Any CPU
		{1435DA89-C1F7-4C35-BA81-57C8985C9341}.Release|Any CPU.ActiveCfg = Release|Any CPU
		{1435DA89-C1F7-4C35-BA81-57C8985C9341}.Release|Any CPU.Build.0 = Release|Any CPU
		{D7828F17-725A-4A76-A31B-609B34BFED53}.Debug|Any CPU.ActiveCfg = Debug|Any CPU
		{D7828F17-725A-4A76-A31B-609B34BFED53}.Debug|Any CPU.Build.0 = Debug|Any CPU
		{D7828F17-725A-4A76-A31B-609B34BFED53}.Release|Any CPU.ActiveCfg = Release|Any CPU
		{D7828F17-725A-4A76-A31B-609B34BFED53}.Release|Any CPU.Build.0 = Release|Any CPU
		{78C16B29-E442-49B1-AF67-D355278E1D17}.Debug|Any CPU.ActiveCfg = Debug|Any CPU
		{78C16B29-E442-49B1-AF67-D355278E1D17}.Debug|Any CPU.Build.0 = Debug|Any CPU
		{78C16B29-E442-49B1-AF67-D355278E1D17}.Release|Any CPU.ActiveCfg = Release|Any CPU
		{78C16B29-E442-49B1-AF67-D355278E1D17}.Release|Any CPU.Build.0 = Release|Any CPU
		{A5DAA2B7-83CD-4B37-B9C3-E49B9DEB22B5}.Debug|Any CPU.ActiveCfg = Debug|Any CPU
		{A5DAA2B7-83CD-4B37-B9C3-E49B9DEB22B5}.Debug|Any CPU.Build.0 = Debug|Any CPU
		{A5DAA2B7-83CD-4B37-B9C3-E49B9DEB22B5}.Release|Any CPU.ActiveCfg = Release|Any CPU
		{A5DAA2B7-83CD-4B37-B9C3-E49B9DEB22B5}.Release|Any CPU.Build.0 = Release|Any CPU
		{42342C2F-71D9-4264-AA69-1EE024AB1663}.Debug|Any CPU.ActiveCfg = Debug|Any CPU
		{42342C2F-71D9-4264-AA69-1EE024AB1663}.Debug|Any CPU.Build.0 = Debug|Any CPU
		{42342C2F-71D9-4264-AA69-1EE024AB1663}.Release|Any CPU.ActiveCfg = Release|Any CPU
		{42342C2F-71D9-4264-AA69-1EE024AB1663}.Release|Any CPU.Build.0 = Release|Any CPU
		{A80CCF52-8ADB-4F26-AB47-BBAC92086156}.Debug|Any CPU.ActiveCfg = Debug|Any CPU
		{A80CCF52-8ADB-4F26-AB47-BBAC92086156}.Debug|Any CPU.Build.0 = Debug|Any CPU
		{A80CCF52-8ADB-4F26-AB47-BBAC92086156}.Release|Any CPU.ActiveCfg = Release|Any CPU
		{A80CCF52-8ADB-4F26-AB47-BBAC92086156}.Release|Any CPU.Build.0 = Release|Any CPU
		{456EA780-4920-48FF-A494-91FE1ECC9AA0}.Debug|Any CPU.ActiveCfg = Debug|Any CPU
		{456EA780-4920-48FF-A494-91FE1ECC9AA0}.Debug|Any CPU.Build.0 = Debug|Any CPU
		{456EA780-4920-48FF-A494-91FE1ECC9AA0}.Release|Any CPU.ActiveCfg = Release|Any CPU
		{456EA780-4920-48FF-A494-91FE1ECC9AA0}.Release|Any CPU.Build.0 = Release|Any CPU
		{1EDCE3D7-2302-46A6-94A9-8041582D4A0E}.Debug|Any CPU.ActiveCfg = Debug|Any CPU
		{1EDCE3D7-2302-46A6-94A9-8041582D4A0E}.Debug|Any CPU.Build.0 = Debug|Any CPU
		{1EDCE3D7-2302-46A6-94A9-8041582D4A0E}.Release|Any CPU.ActiveCfg = Release|Any CPU
		{1EDCE3D7-2302-46A6-94A9-8041582D4A0E}.Release|Any CPU.Build.0 = Release|Any CPU
		{54B1AF5E-8B22-4441-83C4-E9FF0222F156}.Debug|Any CPU.ActiveCfg = Debug|Any CPU
		{54B1AF5E-8B22-4441-83C4-E9FF0222F156}.Debug|Any CPU.Build.0 = Debug|Any CPU
		{54B1AF5E-8B22-4441-83C4-E9FF0222F156}.Release|Any CPU.ActiveCfg = Release|Any CPU
		{54B1AF5E-8B22-4441-83C4-E9FF0222F156}.Release|Any CPU.Build.0 = Release|Any CPU
		{F52170F0-6CEF-45DA-947F-407381313E35}.Debug|Any CPU.ActiveCfg = Debug|Any CPU
		{F52170F0-6CEF-45DA-947F-407381313E35}.Debug|Any CPU.Build.0 = Debug|Any CPU
		{F52170F0-6CEF-45DA-947F-407381313E35}.Release|Any CPU.ActiveCfg = Release|Any CPU
		{F52170F0-6CEF-45DA-947F-407381313E35}.Release|Any CPU.Build.0 = Release|Any CPU
		{A5D85816-D686-4C46-AF84-C66E72D2B95C}.Debug|Any CPU.ActiveCfg = Debug|Any CPU
		{A5D85816-D686-4C46-AF84-C66E72D2B95C}.Debug|Any CPU.Build.0 = Debug|Any CPU
		{A5D85816-D686-4C46-AF84-C66E72D2B95C}.Release|Any CPU.ActiveCfg = Release|Any CPU
		{A5D85816-D686-4C46-AF84-C66E72D2B95C}.Release|Any CPU.Build.0 = Release|Any CPU
		{A2F8E438-8FDC-412A-B91C-0CBB35D2DA98}.Debug|Any CPU.ActiveCfg = Debug|Any CPU
		{A2F8E438-8FDC-412A-B91C-0CBB35D2DA98}.Debug|Any CPU.Build.0 = Debug|Any CPU
		{A2F8E438-8FDC-412A-B91C-0CBB35D2DA98}.Release|Any CPU.ActiveCfg = Release|Any CPU
		{A2F8E438-8FDC-412A-B91C-0CBB35D2DA98}.Release|Any CPU.Build.0 = Release|Any CPU
		{AF44FBCD-EA05-4C60-B1B0-09E8E23B1E2D}.Debug|Any CPU.ActiveCfg = Debug|Any CPU
		{AF44FBCD-EA05-4C60-B1B0-09E8E23B1E2D}.Debug|Any CPU.Build.0 = Debug|Any CPU
		{AF44FBCD-EA05-4C60-B1B0-09E8E23B1E2D}.Release|Any CPU.ActiveCfg = Release|Any CPU
		{AF44FBCD-EA05-4C60-B1B0-09E8E23B1E2D}.Release|Any CPU.Build.0 = Release|Any CPU
		{71723431-D3B4-43A7-8AA9-50579A7B4040}.Debug|Any CPU.ActiveCfg = Debug|Any CPU
		{71723431-D3B4-43A7-8AA9-50579A7B4040}.Debug|Any CPU.Build.0 = Debug|Any CPU
		{71723431-D3B4-43A7-8AA9-50579A7B4040}.Release|Any CPU.ActiveCfg = Release|Any CPU
		{71723431-D3B4-43A7-8AA9-50579A7B4040}.Release|Any CPU.Build.0 = Release|Any CPU
		{ACAECE81-9180-4ADF-B2FF-3F608A229FDE}.Debug|Any CPU.ActiveCfg = Debug|Any CPU
		{ACAECE81-9180-4ADF-B2FF-3F608A229FDE}.Debug|Any CPU.Build.0 = Debug|Any CPU
		{ACAECE81-9180-4ADF-B2FF-3F608A229FDE}.Release|Any CPU.ActiveCfg = Release|Any CPU
		{ACAECE81-9180-4ADF-B2FF-3F608A229FDE}.Release|Any CPU.Build.0 = Release|Any CPU
		{831BFA0C-70B0-445B-BDB3-0C18C4F25CF6}.Debug|Any CPU.ActiveCfg = Debug|Any CPU
		{831BFA0C-70B0-445B-BDB3-0C18C4F25CF6}.Debug|Any CPU.Build.0 = Debug|Any CPU
		{831BFA0C-70B0-445B-BDB3-0C18C4F25CF6}.Release|Any CPU.ActiveCfg = Release|Any CPU
		{831BFA0C-70B0-445B-BDB3-0C18C4F25CF6}.Release|Any CPU.Build.0 = Release|Any CPU
		{DF07AC08-88B4-409B-A30D-BCDA6B8FB033}.Debug|Any CPU.ActiveCfg = Debug|Any CPU
		{DF07AC08-88B4-409B-A30D-BCDA6B8FB033}.Debug|Any CPU.Build.0 = Debug|Any CPU
		{DF07AC08-88B4-409B-A30D-BCDA6B8FB033}.Release|Any CPU.ActiveCfg = Release|Any CPU
		{DF07AC08-88B4-409B-A30D-BCDA6B8FB033}.Release|Any CPU.Build.0 = Release|Any CPU
		{5FD6A3AA-418C-4459-8202-9D84ED85C791}.Debug|Any CPU.ActiveCfg = Debug|Any CPU
		{5FD6A3AA-418C-4459-8202-9D84ED85C791}.Debug|Any CPU.Build.0 = Debug|Any CPU
		{5FD6A3AA-418C-4459-8202-9D84ED85C791}.Release|Any CPU.ActiveCfg = Release|Any CPU
		{5FD6A3AA-418C-4459-8202-9D84ED85C791}.Release|Any CPU.Build.0 = Release|Any CPU
		{B9B63647-60A9-4DC6-BB62-04516E05378A}.Debug|Any CPU.ActiveCfg = Debug|Any CPU
		{B9B63647-60A9-4DC6-BB62-04516E05378A}.Debug|Any CPU.Build.0 = Debug|Any CPU
		{B9B63647-60A9-4DC6-BB62-04516E05378A}.Release|Any CPU.ActiveCfg = Release|Any CPU
		{B9B63647-60A9-4DC6-BB62-04516E05378A}.Release|Any CPU.Build.0 = Release|Any CPU
		{A09F3596-0FF2-422B-9016-B6E0F6E1EFCA}.Debug|Any CPU.ActiveCfg = Debug|Any CPU
		{A09F3596-0FF2-422B-9016-B6E0F6E1EFCA}.Debug|Any CPU.Build.0 = Debug|Any CPU
		{A09F3596-0FF2-422B-9016-B6E0F6E1EFCA}.Release|Any CPU.ActiveCfg = Release|Any CPU
		{A09F3596-0FF2-422B-9016-B6E0F6E1EFCA}.Release|Any CPU.Build.0 = Release|Any CPU
	EndGlobalSection
	GlobalSection(SolutionProperties) = preSolution
		HideSolutionNode = FALSE
	EndGlobalSection
	GlobalSection(NestedProjects) = preSolution
		{4B5EAA45-9C08-470A-9F58-BB589DE29450} = {7B6CF3CF-70B7-4156-979E-252095877196}
		{1435DA89-C1F7-4C35-BA81-57C8985C9341} = {4B5EAA45-9C08-470A-9F58-BB589DE29450}
		{D7828F17-725A-4A76-A31B-609B34BFED53} = {4B5EAA45-9C08-470A-9F58-BB589DE29450}
		{78C16B29-E442-49B1-AF67-D355278E1D17} = {4B5EAA45-9C08-470A-9F58-BB589DE29450}
		{A5DAA2B7-83CD-4B37-B9C3-E49B9DEB22B5} = {4B5EAA45-9C08-470A-9F58-BB589DE29450}
		{44A33C87-0B96-49D0-844A-65809D09216F} = {7B6CF3CF-70B7-4156-979E-252095877196}
		{42342C2F-71D9-4264-AA69-1EE024AB1663} = {44A33C87-0B96-49D0-844A-65809D09216F}
		{A80CCF52-8ADB-4F26-AB47-BBAC92086156} = {44A33C87-0B96-49D0-844A-65809D09216F}
		{456EA780-4920-48FF-A494-91FE1ECC9AA0} = {44A33C87-0B96-49D0-844A-65809D09216F}
		{1EDCE3D7-2302-46A6-94A9-8041582D4A0E} = {44A33C87-0B96-49D0-844A-65809D09216F}
		{2AE798A8-FA56-4025-9521-E7610DD0BBA6} = {7B6CF3CF-70B7-4156-979E-252095877196}
		{54B1AF5E-8B22-4441-83C4-E9FF0222F156} = {2AE798A8-FA56-4025-9521-E7610DD0BBA6}
		{F52170F0-6CEF-45DA-947F-407381313E35} = {2AE798A8-FA56-4025-9521-E7610DD0BBA6}
		{A5D85816-D686-4C46-AF84-C66E72D2B95C} = {2AE798A8-FA56-4025-9521-E7610DD0BBA6}
		{A2F8E438-8FDC-412A-B91C-0CBB35D2DA98} = {2AE798A8-FA56-4025-9521-E7610DD0BBA6}
		{AF44FBCD-EA05-4C60-B1B0-09E8E23B1E2D} = {2AE798A8-FA56-4025-9521-E7610DD0BBA6}
		{FBEC6BB5-2C08-419B-8A28-E154E58FEC77} = {7B6CF3CF-70B7-4156-979E-252095877196}
		{71723431-D3B4-43A7-8AA9-50579A7B4040} = {FBEC6BB5-2C08-419B-8A28-E154E58FEC77}
		{ACAECE81-9180-4ADF-B2FF-3F608A229FDE} = {FBEC6BB5-2C08-419B-8A28-E154E58FEC77}
		{831BFA0C-70B0-445B-BDB3-0C18C4F25CF6} = {FBEC6BB5-2C08-419B-8A28-E154E58FEC77}
		{DF07AC08-88B4-409B-A30D-BCDA6B8FB033} = {FBEC6BB5-2C08-419B-8A28-E154E58FEC77}
		{5FD6A3AA-418C-4459-8202-9D84ED85C791} = {71C6AD42-2DF5-4613-8931-5AE1F488F560}
		{B9B63647-60A9-4DC6-BB62-04516E05378A} = {F6324E77-D821-4341-9A19-FBD54C99B934}
		{A09F3596-0FF2-422B-9016-B6E0F6E1EFCA} = {71C6AD42-2DF5-4613-8931-5AE1F488F560}
	EndGlobalSection
	GlobalSection(ExtensibilityGlobals) = postSolution
		SolutionGuid = {D1000323-1990-4353-B7FF-3926D73F296D}
	EndGlobalSection
EndGlobal
